PODS:
  - Alamofire (5.9.1)
  - TensorFlowLiteC (2.17.0):
    - TensorFlowLiteC/Core (= 2.17.0)
  - TensorFlowLiteC/Core (2.17.0)
  - TensorFlowLiteSwift (2.17.0):
    - TensorFlowLiteSwift/Core (= 2.17.0)
  - TensorFlowLiteSwift/Core (2.17.0):
    - TensorFlowLiteC (= 2.17.0)
    - TensorFlowLiteSwift/Privacy (= 2.17.0)
  - TensorFlowLiteSwift/Privacy (2.17.0)
  - TensorFlowLiteTaskVision (0.4.3)

DEPENDENCIES:
  - Alamofire (~> 5.5)
  - TensorFlowLiteSwift
  - TensorFlowLiteTaskVision

SPEC REPOS:
  trunk:
    - Alamofire
    - TensorFlowLiteC
    - TensorFlowLiteSwift
    - TensorFlowLiteTaskVision

SPEC CHECKSUMS:
  Alamofire: f36a35757af4587d8e4f4bfa223ad10be2422b8c
  TensorFlowLiteC: eac6d689a8d391d1b202dc59e3d9165ba64aaf73
  TensorFlowLiteSwift: 723fe42222815e72490c79feeff05305530de393
  TensorFlowLiteTaskVision: 125d5b49d325ba2cf3938454da5f74a1cbfe0552

PODFILE CHECKSUM: c5f2aa6e7c13566d9b3f9f7e1025770ecb8b9720

COCOAPODS: 1.15.2
